
Microsoft Visual Studio Solution File, Format Version 12.00
# Visual Studio 15
VisualStudioVersion = 15.0.26228.9
MinimumVisualStudioVersion = 10.0.40219.1
Project("{FAE04EC0-301F-11D3-BF4B-00C04F79EFBC}") = "IBDatabase", "IBDatabase\IBDatabase.csproj", "{3A8866F0-D656-42D7-9297-359121F3D450}"
EndProject
Project("{FAE04EC0-301F-11D3-BF4B-00C04F79EFBC}") = "IBDatabase.Console", "IBDatabase.Console\IBDatabase.Console.csproj", "{F63C5F72-E2A2-4213-B8ED-4FC519249375}"
EndProject
Project("{FAE04EC0-301F-11D3-BF4B-00C04F79EFBC}") = "IBDatabase.Tests", "IBDatabase.Tests\IBDatabase.Tests.csproj", "{FB62CA83-B3C8-4E4E-B946-F99A080A1412}"
EndProject
Project("{FAE04EC0-301F-11D3-BF4B-00C04F79EFBC}") = "IBUtility", "IBUtility\IBUtility.csproj", "{597A90B7-1081-481D-AEC8-5EBB77546261}"
EndProject
Project("{FAE04EC0-301F-11D3-BF4B-00C04F79EFBC}") = "IBDatabase.Redis", "IBDatabase.Redis\IBDatabase.Redis.csproj", "{169464BC-0A87-47C9-8803-CBBA19030406}"
EndProject
Project("{FAE04EC0-301F-11D3-BF4B-00C04F79EFBC}") = "IBDatabase.UI", "IBDatabase.UI\IBDatabase.UI.csproj", "{5FA49D43-02E2-4065-8DF0-B0E10970BC23}"
EndProject
Project("{FAE04EC0-301F-11D3-BF4B-00C04F79EFBC}") = "StackExchange.Redis_Net46", "..\StackExchange.Redis-master\StackExchange.Redis_Net46\StackExchange.Redis_Net46.csproj", "{8C473A6F-B0DE-4ADD-88F8-C41B441E407C}"
EndProject
Project("{FAE04EC0-301F-11D3-BF4B-00C04F79EFBC}") = "CSharpAPI", "..\csharpclient\CSharpAPI.csproj", "{8EDE0744-96C2-40B0-A8DC-37DF79370203}"
EndProject
Project("{FAE04EC0-301F-11D3-BF4B-00C04F79EFBC}") = "IBDatabase.Models", "..\IBDatabase.Models\IBDatabase.Models\IBDatabase.Models.csproj", "{F996F482-CD6A-43DB-9749-E9C89B3DC513}"
EndProject
Project("{FAE04EC0-301F-11D3-BF4B-00C04F79EFBC}") = "IBDatabase.Factory", "..\IBDatabase.Factory\IBDatabase.Factory\IBDatabase.Factory.csproj", "{C5152179-DBDD-4725-8F4C-BA5B3D57D96E}"
EndProject
Global
	GlobalSection(SolutionConfigurationPlatforms) = preSolution
		Debug|Any CPU = Debug|Any CPU
		Debug|x86 = Debug|x86
		Mono|Any CPU = Mono|Any CPU
		Mono|x86 = Mono|x86
		Release|Any CPU = Release|Any CPU
		Release|x86 = Release|x86
	EndGlobalSection
	GlobalSection(ProjectConfigurationPlatforms) = postSolution
		{3A8866F0-D656-42D7-9297-359121F3D450}.Debug|Any CPU.ActiveCfg = Debug|Any CPU
		{3A8866F0-D656-42D7-9297-359121F3D450}.Debug|Any CPU.Build.0 = Debug|Any CPU
		{3A8866F0-D656-42D7-9297-359121F3D450}.Debug|x86.ActiveCfg = Debug|Any CPU
		{3A8866F0-D656-42D7-9297-359121F3D450}.Debug|x86.Build.0 = Debug|Any CPU
		{3A8866F0-D656-42D7-9297-359121F3D450}.Mono|Any CPU.ActiveCfg = Release|Any CPU
		{3A8866F0-D656-42D7-9297-359121F3D450}.Mono|Any CPU.Build.0 = Release|Any CPU
		{3A8866F0-D656-42D7-9297-359121F3D450}.Mono|x86.ActiveCfg = Release|Any CPU
		{3A8866F0-D656-42D7-9297-359121F3D450}.Mono|x86.Build.0 = Release|Any CPU
		{3A8866F0-D656-42D7-9297-359121F3D450}.Release|Any CPU.ActiveCfg = Release|Any CPU
		{3A8866F0-D656-42D7-9297-359121F3D450}.Release|Any CPU.Build.0 = Release|Any CPU
		{3A8866F0-D656-42D7-9297-359121F3D450}.Release|x86.ActiveCfg = Release|Any CPU
		{3A8866F0-D656-42D7-9297-359121F3D450}.Release|x86.Build.0 = Release|Any CPU
		{F63C5F72-E2A2-4213-B8ED-4FC519249375}.Debug|Any CPU.ActiveCfg = Debug|Any CPU
		{F63C5F72-E2A2-4213-B8ED-4FC519249375}.Debug|Any CPU.Build.0 = Debug|Any CPU
		{F63C5F72-E2A2-4213-B8ED-4FC519249375}.Debug|x86.ActiveCfg = Debug|Any CPU
		{F63C5F72-E2A2-4213-B8ED-4FC519249375}.Debug|x86.Build.0 = Debug|Any CPU
		{F63C5F72-E2A2-4213-B8ED-4FC519249375}.Mono|Any CPU.ActiveCfg = Release|Any CPU
		{F63C5F72-E2A2-4213-B8ED-4FC519249375}.Mono|Any CPU.Build.0 = Release|Any CPU
		{F63C5F72-E2A2-4213-B8ED-4FC519249375}.Mono|x86.ActiveCfg = Release|Any CPU
		{F63C5F72-E2A2-4213-B8ED-4FC519249375}.Mono|x86.Build.0 = Release|Any CPU
		{F63C5F72-E2A2-4213-B8ED-4FC519249375}.Release|Any CPU.ActiveCfg = Release|Any CPU
		{F63C5F72-E2A2-4213-B8ED-4FC519249375}.Release|Any CPU.Build.0 = Release|Any CPU
		{F63C5F72-E2A2-4213-B8ED-4FC519249375}.Release|x86.ActiveCfg = Release|Any CPU
		{F63C5F72-E2A2-4213-B8ED-4FC519249375}.Release|x86.Build.0 = Release|Any CPU
		{FB62CA83-B3C8-4E4E-B946-F99A080A1412}.Debug|Any CPU.ActiveCfg = Debug|Any CPU
		{FB62CA83-B3C8-4E4E-B946-F99A080A1412}.Debug|Any CPU.Build.0 = Debug|Any CPU
		{FB62CA83-B3C8-4E4E-B946-F99A080A1412}.Debug|x86.ActiveCfg = Debug|Any CPU
		{FB62CA83-B3C8-4E4E-B946-F99A080A1412}.Debug|x86.Build.0 = Debug|Any CPU
		{FB62CA83-B3C8-4E4E-B946-F99A080A1412}.Mono|Any CPU.ActiveCfg = Release|Any CPU
		{FB62CA83-B3C8-4E4E-B946-F99A080A1412}.Mono|Any CPU.Build.0 = Release|Any CPU
		{FB62CA83-B3C8-4E4E-B946-F99A080A1412}.Mono|x86.ActiveCfg = Release|Any CPU
		{FB62CA83-B3C8-4E4E-B946-F99A080A1412}.Mono|x86.Build.0 = Release|Any CPU
		{FB62CA83-B3C8-4E4E-B946-F99A080A1412}.Release|Any CPU.ActiveCfg = Release|Any CPU
		{FB62CA83-B3C8-4E4E-B946-F99A080A1412}.Release|Any CPU.Build.0 = Release|Any CPU
		{FB62CA83-B3C8-4E4E-B946-F99A080A1412}.Release|x86.ActiveCfg = Release|Any CPU
		{FB62CA83-B3C8-4E4E-B946-F99A080A1412}.Release|x86.Build.0 = Release|Any CPU
		{597A90B7-1081-481D-AEC8-5EBB77546261}.Debug|Any CPU.ActiveCfg = Debug|Any CPU
		{597A90B7-1081-481D-AEC8-5EBB77546261}.Debug|Any CPU.Build.0 = Debug|Any CPU
		{597A90B7-1081-481D-AEC8-5EBB77546261}.Debug|x86.ActiveCfg = Debug|Any CPU
		{597A90B7-1081-481D-AEC8-5EBB77546261}.Debug|x86.Build.0 = Debug|Any CPU
		{597A90B7-1081-481D-AEC8-5EBB77546261}.Mono|Any CPU.ActiveCfg = Release|Any CPU
		{597A90B7-1081-481D-AEC8-5EBB77546261}.Mono|Any CPU.Build.0 = Release|Any CPU
		{597A90B7-1081-481D-AEC8-5EBB77546261}.Mono|x86.ActiveCfg = Release|Any CPU
		{597A90B7-1081-481D-AEC8-5EBB77546261}.Mono|x86.Build.0 = Release|Any CPU
		{597A90B7-1081-481D-AEC8-5EBB77546261}.Release|Any CPU.ActiveCfg = Release|Any CPU
		{597A90B7-1081-481D-AEC8-5EBB77546261}.Release|Any CPU.Build.0 = Release|Any CPU
		{597A90B7-1081-481D-AEC8-5EBB77546261}.Release|x86.ActiveCfg = Release|Any CPU
		{597A90B7-1081-481D-AEC8-5EBB77546261}.Release|x86.Build.0 = Release|Any CPU
		{169464BC-0A87-47C9-8803-CBBA19030406}.Debug|Any CPU.ActiveCfg = Debug|Any CPU
		{169464BC-0A87-47C9-8803-CBBA19030406}.Debug|Any CPU.Build.0 = Debug|Any CPU
		{169464BC-0A87-47C9-8803-CBBA19030406}.Debug|x86.ActiveCfg = Debug|Any CPU
		{169464BC-0A87-47C9-8803-CBBA19030406}.Debug|x86.Build.0 = Debug|Any CPU
		{169464BC-0A87-47C9-8803-CBBA19030406}.Mono|Any CPU.ActiveCfg = Release|Any CPU
		{169464BC-0A87-47C9-8803-CBBA19030406}.Mono|Any CPU.Build.0 = Release|Any CPU
		{169464BC-0A87-47C9-8803-CBBA19030406}.Mono|x86.ActiveCfg = Release|Any CPU
		{169464BC-0A87-47C9-8803-CBBA19030406}.Mono|x86.Build.0 = Release|Any CPU
		{169464BC-0A87-47C9-8803-CBBA19030406}.Release|Any CPU.ActiveCfg = Release|Any CPU
		{169464BC-0A87-47C9-8803-CBBA19030406}.Release|Any CPU.Build.0 = Release|Any CPU
		{169464BC-0A87-47C9-8803-CBBA19030406}.Release|x86.ActiveCfg = Release|Any CPU
		{169464BC-0A87-47C9-8803-CBBA19030406}.Release|x86.Build.0 = Release|Any CPU
		{5FA49D43-02E2-4065-8DF0-B0E10970BC23}.Debug|Any CPU.ActiveCfg = Debug|Any CPU
		{5FA49D43-02E2-4065-8DF0-B0E10970BC23}.Debug|Any CPU.Build.0 = Debug|Any CPU
		{5FA49D43-02E2-4065-8DF0-B0E10970BC23}.Debug|x86.ActiveCfg = Debug|Any CPU
		{5FA49D43-02E2-4065-8DF0-B0E10970BC23}.Debug|x86.Build.0 = Debug|Any CPU
		{5FA49D43-02E2-4065-8DF0-B0E10970BC23}.Mono|Any CPU.ActiveCfg = Release|Any CPU
		{5FA49D43-02E2-4065-8DF0-B0E10970BC23}.Mono|Any CPU.Build.0 = Release|Any CPU
		{5FA49D43-02E2-4065-8DF0-B0E10970BC23}.Mono|x86.ActiveCfg = Release|Any CPU
		{5FA49D43-02E2-4065-8DF0-B0E10970BC23}.Mono|x86.Build.0 = Release|Any CPU
		{5FA49D43-02E2-4065-8DF0-B0E10970BC23}.Release|Any CPU.ActiveCfg = Release|Any CPU
		{5FA49D43-02E2-4065-8DF0-B0E10970BC23}.Release|Any CPU.Build.0 = Release|Any CPU
		{5FA49D43-02E2-4065-8DF0-B0E10970BC23}.Release|x86.ActiveCfg = Release|Any CPU
		{5FA49D43-02E2-4065-8DF0-B0E10970BC23}.Release|x86.Build.0 = Release|Any CPU
		{8C473A6F-B0DE-4ADD-88F8-C41B441E407C}.Debug|Any CPU.ActiveCfg = Debug|Any CPU
		{8C473A6F-B0DE-4ADD-88F8-C41B441E407C}.Debug|Any CPU.Build.0 = Debug|Any CPU
		{8C473A6F-B0DE-4ADD-88F8-C41B441E407C}.Debug|x86.ActiveCfg = Debug|Any CPU
		{8C473A6F-B0DE-4ADD-88F8-C41B441E407C}.Debug|x86.Build.0 = Debug|Any CPU
		{8C473A6F-B0DE-4ADD-88F8-C41B441E407C}.Mono|Any CPU.ActiveCfg = Mono|Any CPU
		{8C473A6F-B0DE-4ADD-88F8-C41B441E407C}.Mono|Any CPU.Build.0 = Mono|Any CPU
		{8C473A6F-B0DE-4ADD-88F8-C41B441E407C}.Mono|x86.ActiveCfg = Mono|Any CPU
		{8C473A6F-B0DE-4ADD-88F8-C41B441E407C}.Mono|x86.Build.0 = Mono|Any CPU
		{8C473A6F-B0DE-4ADD-88F8-C41B441E407C}.Release|Any CPU.ActiveCfg = Release|Any CPU
		{8C473A6F-B0DE-4ADD-88F8-C41B441E407C}.Release|Any CPU.Build.0 = Release|Any CPU
		{8C473A6F-B0DE-4ADD-88F8-C41B441E407C}.Release|x86.ActiveCfg = Release|Any CPU
		{8C473A6F-B0DE-4ADD-88F8-C41B441E407C}.Release|x86.Build.0 = Release|Any CPU
		{8EDE0744-96C2-40B0-A8DC-37DF79370203}.Debug|Any CPU.ActiveCfg = Debug|x86
		{8EDE0744-96C2-40B0-A8DC-37DF79370203}.Debug|x86.ActiveCfg = Debug|x86
		{8EDE0744-96C2-40B0-A8DC-37DF79370203}.Debug|x86.Build.0 = Debug|x86
		{8EDE0744-96C2-40B0-A8DC-37DF79370203}.Mono|Any CPU.ActiveCfg = Release|x86
		{8EDE0744-96C2-40B0-A8DC-37DF79370203}.Mono|Any CPU.Build.0 = Release|x86
		{8EDE0744-96C2-40B0-A8DC-37DF79370203}.Mono|x86.ActiveCfg = Release|x86
		{8EDE0744-96C2-40B0-A8DC-37DF79370203}.Mono|x86.Build.0 = Release|x86
		{8EDE0744-96C2-40B0-A8DC-37DF79370203}.Release|Any CPU.ActiveCfg = Release|x86
		{8EDE0744-96C2-40B0-A8DC-37DF79370203}.Release|x86.ActiveCfg = Release|x86
		{8EDE0744-96C2-40B0-A8DC-37DF79370203}.Release|x86.Build.0 = Release|x86
		{F996F482-CD6A-43DB-9749-E9C89B3DC513}.Debug|Any CPU.ActiveCfg = Debug|Any CPU
		{F996F482-CD6A-43DB-9749-E9C89B3DC513}.Debug|Any CPU.Build.0 = Debug|Any CPU
		{F996F482-CD6A-43DB-9749-E9C89B3DC513}.Debug|x86.ActiveCfg = Debug|Any CPU
		{F996F482-CD6A-43DB-9749-E9C89B3DC513}.Debug|x86.Build.0 = Debug|Any CPU
		{F996F482-CD6A-43DB-9749-E9C89B3DC513}.Mono|Any CPU.ActiveCfg = Release|Any CPU
		{F996F482-CD6A-43DB-9749-E9C89B3DC513}.Mono|Any CPU.Build.0 = Release|Any CPU
		{F996F482-CD6A-43DB-9749-E9C89B3DC513}.Mono|x86.ActiveCfg = Release|Any CPU
		{F996F482-CD6A-43DB-9749-E9C89B3DC513}.Mono|x86.Build.0 = Release|Any CPU
		{F996F482-CD6A-43DB-9749-E9C89B3DC513}.Release|Any CPU.ActiveCfg = Release|Any CPU
		{F996F482-CD6A-43DB-9749-E9C89B3DC513}.Release|Any CPU.Build.0 = Release|Any CPU
		{F996F482-CD6A-43DB-9749-E9C89B3DC513}.Release|x86.ActiveCfg = Release|Any CPU
		{F996F482-CD6A-43DB-9749-E9C89B3DC513}.Release|x86.Build.0 = Release|Any CPU
		{C5152179-DBDD-4725-8F4C-BA5B3D57D96E}.Debug|Any CPU.ActiveCfg = Debug|Any CPU
		{C5152179-DBDD-4725-8F4C-BA5B3D57D96E}.Debug|Any CPU.Build.0 = Debug|Any CPU
		{C5152179-DBDD-4725-8F4C-BA5B3D57D96E}.Debug|x86.ActiveCfg = Debug|Any CPU
		{C5152179-DBDD-4725-8F4C-BA5B3D57D96E}.Debug|x86.Build.0 = Debug|Any CPU
		{C5152179-DBDD-4725-8F4C-BA5B3D57D96E}.Mono|Any CPU.ActiveCfg = Release|Any CPU
		{C5152179-DBDD-4725-8F4C-BA5B3D57D96E}.Mono|Any CPU.Build.0 = Release|Any CPU
		{C5152179-DBDD-4725-8F4C-BA5B3D57D96E}.Mono|x86.ActiveCfg = Release|Any CPU
		{C5152179-DBDD-4725-8F4C-BA5B3D57D96E}.Mono|x86.Build.0 = Release|Any CPU
		{C5152179-DBDD-4725-8F4C-BA5B3D57D96E}.Release|Any CPU.ActiveCfg = Release|Any CPU
		{C5152179-DBDD-4725-8F4C-BA5B3D57D96E}.Release|Any CPU.Build.0 = Release|Any CPU
		{C5152179-DBDD-4725-8F4C-BA5B3D57D96E}.Release|x86.ActiveCfg = Release|Any CPU
		{C5152179-DBDD-4725-8F4C-BA5B3D57D96E}.Release|x86.Build.0 = Release|Any CPU
	EndGlobalSection
	GlobalSection(SolutionProperties) = preSolution
		HideSolutionNode = FALSE
	EndGlobalSection
EndGlobal
